
Microsoft Visual Studio Solution File, Format Version 12.00
# Visual Studio Version 16
VisualStudioVersion = 16.0.29306.81
MinimumVisualStudioVersion = 10.0.40219.1
Project("{FAE04EC0-301F-11D3-BF4B-00C04F79EFBC}") = "Калькулятор", "Калькулятор\Калькулятор.csproj", "{B064F076-AED5-4CB2-9459-27CE54CCBAD5}"
EndProject
Global
	GlobalSection(SolutionConfigurationPlatforms) = preSolution
		Debug|Any CPU = Debug|Any CPU
		Release|Any CPU = Release|Any CPU
	EndGlobalSection
	GlobalSection(ProjectConfigurationPlatforms) = postSolution
		{B064F076-AED5-4CB2-9459-27CE54CCBAD5}.Debug|Any CPU.ActiveCfg = Debug|Any CPU
		{B064F076-AED5-4CB2-9459-27CE54CCBAD5}.Debug|Any CPU.Build.0 = Debug|Any CPU
		{B064F076-AED5-4CB2-9459-27CE54CCBAD5}.Release|Any CPU.ActiveCfg = Release|Any CPU
		{B064F076-AED5-4CB2-9459-27CE54CCBAD5}.Release|Any CPU.Build.0 = Release|Any CPU
	EndGlobalSection
	GlobalSection(SolutionProperties) = preSolution
		HideSolutionNode = FALSE
	EndGlobalSection
	GlobalSection(ExtensibilityGlobals) = postSolution
		SolutionGuid = {72B6D0C8-3D55-40D9-B90E-9FE5AA16A483}
	EndGlobalSection
EndGlobal
